
Microsoft Visual Studio Solution File, Format Version 12.00
# Visual Studio 15
Project("{FAE04EC0-301F-11D3-BF4B-00C04F79EFBC}") = "pisomsapp", "logisticapp\pisomsapp.csproj", "{E2397749-3E4E-4518-BDA9-76D962C2D462}"
EndProject
Project("{FAE04EC0-301F-11D3-BF4B-00C04F79EFBC}") = "componenttest", "componenttest\componenttest.csproj", "{5D7ABFF9-4ED7-4009-A91A-8F1D977B771E}"
EndProject
Global
	GlobalSection(SolutionConfigurationPlatforms) = preSolution
		Debug|Any CPU = Debug|Any CPU
		Debug|x64 = Debug|x64
		Debug|x86 = Debug|x86
		Release|Any CPU = Release|Any CPU
		Release|x64 = Release|x64
		Release|x86 = Release|x86
	EndGlobalSection
	GlobalSection(ProjectConfigurationPlatforms) = postSolution
		{E2397749-3E4E-4518-BDA9-76D962C2D462}.Debug|Any CPU.ActiveCfg = Debug|Any CPU
		{E2397749-3E4E-4518-BDA9-76D962C2D462}.Debug|Any CPU.Build.0 = Debug|Any CPU
		{E2397749-3E4E-4518-BDA9-76D962C2D462}.Debug|x64.ActiveCfg = Debug|Any CPU
		{E2397749-3E4E-4518-BDA9-76D962C2D462}.Debug|x64.Build.0 = Debug|Any CPU
		{E2397749-3E4E-4518-BDA9-76D962C2D462}.Debug|x86.ActiveCfg = Debug|Any CPU
		{E2397749-3E4E-4518-BDA9-76D962C2D462}.Debug|x86.Build.0 = Debug|Any CPU
		{E2397749-3E4E-4518-BDA9-76D962C2D462}.Release|Any CPU.ActiveCfg = Release|Any CPU
		{E2397749-3E4E-4518-BDA9-76D962C2D462}.Release|Any CPU.Build.0 = Release|Any CPU
		{E2397749-3E4E-4518-BDA9-76D962C2D462}.Release|x64.ActiveCfg = Release|Any CPU
		{E2397749-3E4E-4518-BDA9-76D962C2D462}.Release|x64.Build.0 = Release|Any CPU
		{E2397749-3E4E-4518-BDA9-76D962C2D462}.Release|x86.ActiveCfg = Release|Any CPU
		{E2397749-3E4E-4518-BDA9-76D962C2D462}.Release|x86.Build.0 = Release|Any CPU
		{5D7ABFF9-4ED7-4009-A91A-8F1D977B771E}.Debug|Any CPU.ActiveCfg = Debug|Any CPU
		{5D7ABFF9-4ED7-4009-A91A-8F1D977B771E}.Debug|Any CPU.Build.0 = Debug|Any CPU
		{5D7ABFF9-4ED7-4009-A91A-8F1D977B771E}.Debug|x64.ActiveCfg = Debug|Any CPU
		{5D7ABFF9-4ED7-4009-A91A-8F1D977B771E}.Debug|x64.Build.0 = Debug|Any CPU
		{5D7ABFF9-4ED7-4009-A91A-8F1D977B771E}.Debug|x86.ActiveCfg = Debug|Any CPU
		{5D7ABFF9-4ED7-4009-A91A-8F1D977B771E}.Debug|x86.Build.0 = Debug|Any CPU
		{5D7ABFF9-4ED7-4009-A91A-8F1D977B771E}.Release|Any CPU.ActiveCfg = Release|Any CPU
		{5D7ABFF9-4ED7-4009-A91A-8F1D977B771E}.Release|Any CPU.Build.0 = Release|Any CPU
		{5D7ABFF9-4ED7-4009-A91A-8F1D977B771E}.Release|x64.ActiveCfg = Release|Any CPU
		{5D7ABFF9-4ED7-4009-A91A-8F1D977B771E}.Release|x64.Build.0 = Release|Any CPU
		{5D7ABFF9-4ED7-4009-A91A-8F1D977B771E}.Release|x86.ActiveCfg = Release|Any CPU
		{5D7ABFF9-4ED7-4009-A91A-8F1D977B771E}.Release|x86.Build.0 = Release|Any CPU
	EndGlobalSection
EndGlobal
